// !$*UTF8*$!
{
	archiveVersion = 1;
	classes = {
	};
	objectVersion = 55;
	objects = {

/* Begin PBXBuildFile section */
		FB1E9EC5280EA30300395CA1 /* SelectTimeViewController.swift in Sources */ = {isa = PBXBuildFile; fileRef = FB1E9EC4280EA30200395CA1 /* SelectTimeViewController.swift */; };
		FB384F4627FF59210083D5A6 /* AppDelegate.swift in Sources */ = {isa = PBXBuildFile; fileRef = FB384F4527FF59210083D5A6 /* AppDelegate.swift */; };
		FB384F4827FF59210083D5A6 /* SceneDelegate.swift in Sources */ = {isa = PBXBuildFile; fileRef = FB384F4727FF59210083D5A6 /* SceneDelegate.swift */; };
		FB384F4D27FF59210083D5A6 /* Main.storyboard in Resources */ = {isa = PBXBuildFile; fileRef = FB384F4B27FF59210083D5A6 /* Main.storyboard */; };
		FB384F4F27FF59210083D5A6 /* Assets.xcassets in Resources */ = {isa = PBXBuildFile; fileRef = FB384F4E27FF59210083D5A6 /* Assets.xcassets */; };
		FB384F5227FF59210083D5A6 /* LaunchScreen.storyboard in Resources */ = {isa = PBXBuildFile; fileRef = FB384F5027FF59210083D5A6 /* LaunchScreen.storyboard */; };
		FB6E6EBA280DAE6F002E6000 /* YellowViewController.swift in Sources */ = {isa = PBXBuildFile; fileRef = FB6E6EB9280DAE6F002E6000 /* YellowViewController.swift */; };
		FB6E6EBC280DB0B0002E6000 /* BlueViewController.swift in Sources */ = {isa = PBXBuildFile; fileRef = FB6E6EBB280DB0B0002E6000 /* BlueViewController.swift */; };
		FB6E6EBE280DB459002E6000 /* GreenViewController.swift in Sources */ = {isa = PBXBuildFile; fileRef = FB6E6EBD280DB459002E6000 /* GreenViewController.swift */; };
		FBDDF76E27FF5C4700BC3AD5 /* GameViewController.swift in Sources */ = {isa = PBXBuildFile; fileRef = FBDDF76D27FF5C4700BC3AD5 /* GameViewController.swift */; };
		FBDDF77027FF61C000BC3AD5 /* Game.swift in Sources */ = {isa = PBXBuildFile; fileRef = FBDDF76F27FF61C000BC3AD5 /* Game.swift */; };
/* End PBXBuildFile section */

/* Begin PBXFileReference section */
		FB1E9EC4280EA30200395CA1 /* SelectTimeViewController.swift */ = {isa = PBXFileReference; lastKnownFileType = sourcecode.swift; path = SelectTimeViewController.swift; sourceTree = "<group>"; };
		FB384F4227FF59210083D5A6 /* findNumber.app */ = {isa = PBXFileReference; explicitFileType = wrapper.application; includeInIndex = 0; path = findNumber.app; sourceTree = BUILT_PRODUCTS_DIR; };
		FB384F4527FF59210083D5A6 /* AppDelegate.swift */ = {isa = PBXFileReference; lastKnownFileType = sourcecode.swift; path = AppDelegate.swift; sourceTree = "<group>"; };
		FB384F4727FF59210083D5A6 /* SceneDelegate.swift */ = {isa = PBXFileReference; lastKnownFileType = sourcecode.swift; path = SceneDelegate.swift; sourceTree = "<group>"; };
		FB384F4C27FF59210083D5A6 /* Base */ = {isa = PBXFileReference; lastKnownFileType = file.storyboard; name = Base; path = Base.lproj/Main.storyboard; sourceTree = "<group>"; };
		FB384F4E27FF59210083D5A6 /* Assets.xcassets */ = {isa = PBXFileReference; lastKnownFileType = folder.assetcatalog; path = Assets.xcassets; sourceTree = "<group>"; };
		FB384F5127FF59210083D5A6 /* Base */ = {isa = PBXFileReference; lastKnownFileType = file.storyboard; name = Base; path = Base.lproj/LaunchScreen.storyboard; sourceTree = "<group>"; };
		FB384F5327FF59210083D5A6 /* Info.plist */ = {isa = PBXFileReference; lastKnownFileType = text.plist.xml; path = Info.plist; sourceTree = "<group>"; };
		FB6E6EB9280DAE6F002E6000 /* YellowViewController.swift */ = {isa = PBXFileReference; lastKnownFileType = sourcecode.swift; path = YellowViewController.swift; sourceTree = "<group>"; };
		FB6E6EBB280DB0B0002E6000 /* BlueViewController.swift */ = {isa = PBXFileReference; lastKnownFileType = sourcecode.swift; path = BlueViewController.swift; sourceTree = "<group>"; };
		FB6E6EBD280DB459002E6000 /* GreenViewController.swift */ = {isa = PBXFileReference; lastKnownFileType = sourcecode.swift; path = GreenViewController.swift; sourceTree = "<group>"; };
		FBDDF76D27FF5C4700BC3AD5 /* GameViewController.swift */ = {isa = PBXFileReference; lastKnownFileType = sourcecode.swift; path = GameViewController.swift; sourceTree = "<group>"; };
		FBDDF76F27FF61C000BC3AD5 /* Game.swift */ = {isa = PBXFileReference; lastKnownFileType = sourcecode.swift; path = Game.swift; sourceTree = "<group>"; };
/* End PBXFileReference section */

/* Begin PBXFrameworksBuildPhase section */
		FB384F3F27FF59210083D5A6 /* Frameworks */ = {
			isa = PBXFrameworksBuildPhase;
			buildActionMask = 2147483647;
			files = (
			);
			runOnlyForDeploymentPostprocessing = 0;
		};
/* End PBXFrameworksBuildPhase section */

/* Begin PBXGroup section */
		FB384F3927FF59210083D5A6 = {
			isa = PBXGroup;
			children = (
				FB384F4427FF59210083D5A6 /* findNumber */,
				FB384F4327FF59210083D5A6 /* Products */,
			);
			sourceTree = "<group>";
		};
		FB384F4327FF59210083D5A6 /* Products */ = {
			isa = PBXGroup;
			children = (
				FB384F4227FF59210083D5A6 /* findNumber.app */,
			);
			name = Products;
			sourceTree = "<group>";
		};
		FB384F4427FF59210083D5A6 /* findNumber */ = {
			isa = PBXGroup;
			children = (
				FB384F4527FF59210083D5A6 /* AppDelegate.swift */,
				FB384F4727FF59210083D5A6 /* SceneDelegate.swift */,
				FB384F4B27FF59210083D5A6 /* Main.storyboard */,
				FB384F4E27FF59210083D5A6 /* Assets.xcassets */,
				FB384F5027FF59210083D5A6 /* LaunchScreen.storyboard */,
				FB384F5327FF59210083D5A6 /* Info.plist */,
				FBDDF76D27FF5C4700BC3AD5 /* GameViewController.swift */,
				FBDDF76F27FF61C000BC3AD5 /* Game.swift */,
				FB6E6EB9280DAE6F002E6000 /* YellowViewController.swift */,
				FB6E6EBB280DB0B0002E6000 /* BlueViewController.swift */,
				FB6E6EBD280DB459002E6000 /* GreenViewController.swift */,
				FB1E9EC4280EA30200395CA1 /* SelectTimeViewController.swift */,
			);
			path = findNumber;
			sourceTree = "<group>";
		};
/* End PBXGroup section */

/* Begin PBXNativeTarget section */
		FB384F4127FF59210083D5A6 /* findNumber */ = {
			isa = PBXNativeTarget;
			buildConfigurationList = FB384F5627FF59210083D5A6 /* Build configuration list for PBXNativeTarget "findNumber" */;
			buildPhases = (
				FB384F3E27FF59210083D5A6 /* Sources */,
				FB384F3F27FF59210083D5A6 /* Frameworks */,
				FB384F4027FF59210083D5A6 /* Resources */,
			);
			buildRules = (
			);
			dependencies = (
			);
			name = findNumber;
			productName = findNumber;
			productReference = FB384F4227FF59210083D5A6 /* findNumber.app */;
			productType = "com.apple.product-type.application";
		};
/* End PBXNativeTarget section */

/* Begin PBXProject section */
		FB384F3A27FF59210083D5A6 /* Project object */ = {
			isa = PBXProject;
			attributes = {
				BuildIndependentTargetsInParallel = 1;
				LastSwiftUpdateCheck = 1330;
				LastUpgradeCheck = 1330;
				TargetAttributes = {
					FB384F4127FF59210083D5A6 = {
						CreatedOnToolsVersion = 13.3;
					};
				};
			};
			buildConfigurationList = FB384F3D27FF59210083D5A6 /* Build configuration list for PBXProject "findNumber" */;
			compatibilityVersion = "Xcode 13.0";
			developmentRegion = en;
			hasScannedForEncodings = 0;
			knownRegions = (
				en,
				Base,
			);
			mainGroup = FB384F3927FF59210083D5A6;
			productRefGroup = FB384F4327FF59210083D5A6 /* Products */;
			projectDirPath = "";
			projectRoot = "";
			targets = (
				FB384F4127FF59210083D5A6 /* findNumber */,
			);
		};
/* End PBXProject section */

/* Begin PBXResourcesBuildPhase section */
		FB384F4027FF59210083D5A6 /* Resources */ = {
			isa = PBXResourcesBuildPhase;
			buildActionMask = 2147483647;
			files = (
				FB384F5227FF59210083D5A6 /* LaunchScreen.storyboard in Resources */,
				FB384F4F27FF59210083D5A6 /* Assets.xcassets in Resources */,
				FB384F4D27FF59210083D5A6 /* Main.storyboard in Resources */,
			);
			runOnlyForDeploymentPostprocessing = 0;
		};
/* End PBXResourcesBuildPhase section */

/* Begin PBXSourcesBuildPhase section */
		FB384F3E27FF59210083D5A6 /* Sources */ = {
			isa = PBXSourcesBuildPhase;
			buildActionMask = 2147483647;
			files = (
				FB384F4627FF59210083D5A6 /* AppDelegate.swift in Sources */,
				FBDDF76E27FF5C4700BC3AD5 /* GameViewController.swift in Sources */,
				FB384F4827FF59210083D5A6 /* SceneDelegate.swift in Sources */,
				FBDDF77027FF61C000BC3AD5 /* Game.swift in Sources */,
				FB6E6EBC280DB0B0002E6000 /* BlueViewController.swift in Sources */,
				FB6E6EBA280DAE6F002E6000 /* YellowViewController.swift in Sources */,
				FB6E6EBE280DB459002E6000 /* GreenViewController.swift in Sources */,
				FB1E9EC5280EA30300395CA1 /* SelectTimeViewController.swift in Sources */,
			);
			runOnlyForDeploymentPostprocessing = 0;
		};
/* End PBXSourcesBuildPhase section */

/* Begin PBXVariantGroup section */
		FB384F4B27FF59210083D5A6 /* Main.storyboard */ = {
			isa = PBXVariantGroup;
			children = (
				FB384F4C27FF59210083D5A6 /* Base */,
			);
			name = Main.storyboard;
			sourceTree = "<group>";
		};
		FB384F5027FF59210083D5A6 /* LaunchScreen.storyboard */ = {
			isa = PBXVariantGroup;
			children = (
				FB384F5127FF59210083D5A6 /* Base */,
			);
			name = LaunchScreen.storyboard;
			sourceTree = "<group>";
		};
/* End PBXVariantGroup section */

/* Begin XCBuildConfiguration section */
		FB384F5427FF59210083D5A6 /* Debug */ = {
			isa = XCBuildConfiguration;
			buildSettings = {
				ALWAYS_SEARCH_USER_PATHS = NO;
				CLANG_ANALYZER_NONNULL = YES;
				CLANG_ANALYZER_NUMBER_OBJECT_CONVERSION = YES_AGGRESSIVE;
				CLANG_CXX_LANGUAGE_STANDARD = "gnu++17";
				CLANG_ENABLE_MODULES = YES;
				CLANG_ENABLE_OBJC_ARC = YES;
				CLANG_ENABLE_OBJC_WEAK = YES;
				CLANG_WARN_BLOCK_CAPTURE_AUTORELEASING = YES;
				CLANG_WARN_BOOL_CONVERSION = YES;
				CLANG_WARN_COMMA = YES;
				CLANG_WARN_CONSTANT_CONVERSION = YES;
				CLANG_WARN_DEPRECATED_OBJC_IMPLEMENTATIONS = YES;
				CLANG_WARN_DIRECT_OBJC_ISA_USAGE = YES_ERROR;
				CLANG_WARN_DOCUMENTATION_COMMENTS = YES;
				CLANG_WARN_EMPTY_BODY = YES;
				CLANG_WARN_ENUM_CONVERSION = YES;
				CLANG_WARN_INFINITE_RECURSION = YES;
				CLANG_WARN_INT_CONVERSION = YES;
				CLANG_WARN_NON_LITERAL_NULL_CONVERSION = YES;
				CLANG_WARN_OBJC_IMPLICIT_RETAIN_SELF = YES;
				CLANG_WARN_OBJC_LITERAL_CONVERSION = YES;
				CLANG_WARN_OBJC_ROOT_CLASS = YES_ERROR;
				CLANG_WARN_QUOTED_INCLUDE_IN_FRAMEWORK_HEADER = YES;
				CLANG_WARN_RANGE_LOOP_ANALYSIS = YES;
				CLANG_WARN_STRICT_PROTOTYPES = YES;
				CLANG_WARN_SUSPICIOUS_MOVE = YES;
				CLANG_WARN_UNGUARDED_AVAILABILITY = YES_AGGRESSIVE;
				CLANG_WARN_UNREACHABLE_CODE = YES;
				CLANG_WARN__DUPLICATE_METHOD_MATCH = YES;
				COPY_PHASE_STRIP = NO;
				DEBUG_INFORMATION_FORMAT = dwarf;
				ENABLE_STRICT_OBJC_MSGSEND = YES;
				ENABLE_TESTABILITY = YES;
				GCC_C_LANGUAGE_STANDARD = gnu11;
				GCC_DYNAMIC_NO_PIC = NO;
				GCC_NO_COMMON_BLOCKS = YES;
				GCC_OPTIMIZATION_LEVEL = 0;
				GCC_PREPROCESSOR_DEFINITIONS = (
					"DEBUG=1",
					"$(inherited)",
				);
				GCC_WARN_64_TO_32_BIT_CONVERSION = YES;
				GCC_WARN_ABOUT_RETURN_TYPE = YES_ERROR;
				GCC_WARN_UNDECLARED_SELECTOR = YES;
				GCC_WARN_UNINITIALIZED_AUTOS = YES_AGGRESSIVE;
				GCC_WARN_UNUSED_FUNCTION = YES;
				GCC_WARN_UNUSED_VARIABLE = YES;
				IPHONEOS_DEPLOYMENT_TARGET = 15.4;
				MTL_ENABLE_DEBUG_INFO = INCLUDE_SOURCE;
				MTL_FAST_MATH = YES;
				ONLY_ACTIVE_ARCH = YES;
				SDKROOT = iphoneos;
				SWIFT_ACTIVE_COMPILATION_CONDITIONS = DEBUG;
				SWIFT_OPTIMIZATION_LEVEL = "-Onone";
			};
			name = Debug;
		};
		FB384F5527FF59210083D5A6 /* Release */ = {
			isa = XCBuildConfiguration;
			buildSettings = {
				ALWAYS_SEARCH_USER_PATHS = NO;
				CLANG_ANALYZER_NONNULL = YES;
				CLANG_ANALYZER_NUMBER_OBJECT_CONVERSION = YES_AGGRESSIVE;
				CLANG_CXX_LANGUAGE_STANDARD = "gnu++17";
				CLANG_ENABLE_MODULES = YES;
				CLANG_ENABLE_OBJC_ARC = YES;
				CLANG_ENABLE_OBJC_WEAK = YES;
				CLANG_WARN_BLOCK_CAPTURE_AUTORELEASING = YES;
				CLANG_WARN_BOOL_CONVERSION = YES;
				CLANG_WARN_COMMA = YES;
				CLANG_WARN_CONSTANT_CONVERSION = YES;
				CLANG_WARN_DEPRECATED_OBJC_IMPLEMENTATIONS = YES;
				CLANG_WARN_DIRECT_OBJC_ISA_USAGE = YES_ERROR;
				CLANG_WARN_DOCUMENTATION_COMMENTS = YES;
				CLANG_WARN_EMPTY_BODY = YES;
				CLANG_WARN_ENUM_CONVERSION = YES;
				CLANG_WARN_INFINITE_RECURSION = YES;
				CLANG_WARN_INT_CONVERSION = YES;
				CLANG_WARN_NON_LITERAL_NULL_CONVERSION = YES;
				CLANG_WARN_OBJC_IMPLICIT_RETAIN_SELF = YES;
				CLANG_WARN_OBJC_LITERAL_CONVERSION = YES;
				CLANG_WARN_OBJC_ROOT_CLASS = YES_ERROR;
				CLANG_WARN_QUOTED_INCLUDE_IN_FRAMEWORK_HEADER = YES;
				CLANG_WARN_RANGE_LOOP_ANALYSIS = YES;
				CLANG_WARN_STRICT_PROTOTYPES = YES;
				CLANG_WARN_SUSPICIOUS_MOVE = YES;
				CLANG_WARN_UNGUARDED_AVAILABILITY = YES_AGGRESSIVE;
				CLANG_WARN_UNREACHABLE_CODE = YES;
				CLANG_WARN__DUPLICATE_METHOD_MATCH = YES;
				COPY_PHASE_STRIP = NO;
				DEBUG_INFORMATION_FORMAT = "dwarf-with-dsym";
				ENABLE_NS_ASSERTIONS = NO;
				ENABLE_STRICT_OBJC_MSGSEND = YES;
				GCC_C_LANGUAGE_STANDARD = gnu11;
				GCC_NO_COMMON_BLOCKS = YES;
				GCC_WARN_64_TO_32_BIT_CONVERSION = YES;
				GCC_WARN_ABOUT_RETURN_TYPE = YES_ERROR;
				GCC_WARN_UNDECLARED_SELECTOR = YES;
				GCC_WARN_UNINITIALIZED_AUTOS = YES_AGGRESSIVE;
				GCC_WARN_UNUSED_FUNCTION = YES;
				GCC_WARN_UNUSED_VARIABLE = YES;
				IPHONEOS_DEPLOYMENT_TARGET = 15.4;
				MTL_ENABLE_DEBUG_INFO = NO;
				MTL_FAST_MATH = YES;
				SDKROOT = iphoneos;
				SWIFT_COMPILATION_MODE = wholemodule;
				SWIFT_OPTIMIZATION_LEVEL = "-O";
				VALIDATE_PRODUCT = YES;
			};
			name = Release;
		};
		FB384F5727FF59210083D5A6 /* Debug */ = {
			isa = XCBuildConfiguration;
			buildSettings = {
				ASSETCATALOG_COMPILER_APPICON_NAME = AppIcon;
				ASSETCATALOG_COMPILER_GLOBAL_ACCENT_COLOR_NAME = AccentColor;
				CODE_SIGN_STYLE = Automatic;
				CURRENT_PROJECT_VERSION = 1;
				GENERATE_INFOPLIST_FILE = YES;
				INFOPLIST_FILE = findNumber/Info.plist;
				INFOPLIST_KEY_UIApplicationSupportsIndirectInputEvents = YES;
				INFOPLIST_KEY_UILaunchStoryboardName = LaunchScreen;
				INFOPLIST_KEY_UIMainStoryboardFile = Main;
				INFOPLIST_KEY_UISupportedInterfaceOrientations = UIInterfaceOrientationPortrait;
				INFOPLIST_KEY_UISupportedInterfaceOrientations_iPad = "UIInterfaceOrientationPortrait UIInterfaceOrientationPortraitUpsideDown UIInterfaceOrientationLandscapeLeft UIInterfaceOrientationLandscapeRight";
				INFOPLIST_KEY_UISupportedInterfaceOrientations_iPhone = "UIInterfaceOrientationPortrait UIInterfaceOrientationLandscapeLeft UIInterfaceOrientationLandscapeRight";
				LD_RUNPATH_SEARCH_PATHS = (
					"$(inherited)",
					"@executable_path/Frameworks",
				);
				MARKETING_VERSION = 1.0;
				PRODUCT_BUNDLE_IDENTIFIER = find.number.com.findNumber;
				PRODUCT_NAME = "$(TARGET_NAME)";
				SWIFT_EMIT_LOC_STRINGS = YES;
				SWIFT_VERSION = 5.0;
				TARGETED_DEVICE_FAMILY = 1;
			};
			name = Debug;
		};
		FB384F5827FF59210083D5A6 /* Release */ = {
			isa = XCBuildConfiguration;
			buildSettings = {
				ASSETCATALOG_COMPILER_APPICON_NAME = AppIcon;
				ASSETCATALOG_COMPILER_GLOBAL_ACCENT_COLOR_NAME = AccentColor;
				CODE_SIGN_STYLE = Automatic;
				CURRENT_PROJECT_VERSION = 1;
				GENERATE_INFOPLIST_FILE = YES;
				INFOPLIST_FILE = findNumber/Info.plist;
				INFOPLIST_KEY_UIApplicationSupportsIndirectInputEvents = YES;
				INFOPLIST_KEY_UILaunchStoryboardName = LaunchScreen;
				INFOPLIST_KEY_UIMainStoryboardFile = Main;
				INFOPLIST_KEY_UISupportedInterfaceOrientations = UIInterfaceOrientationPortrait;
				INFOPLIST_KEY_UISupportedInterfaceOrientations_iPad = "UIInterfaceOrientationPortrait UIInterfaceOrientationPortraitUpsideDown UIInterfaceOrientationLandscapeLeft UIInterfaceOrientationLandscapeRight";
				INFOPLIST_KEY_UISupportedInterfaceOrientations_iPhone = "UIInterfaceOrientationPortrait UIInterfaceOrientationLandscapeLeft UIInterfaceOrientationLandscapeRight";
				LD_RUNPATH_SEARCH_PATHS = (
					"$(inherited)",
					"@executable_path/Frameworks",
				);
				MARKETING_VERSION = 1.0;
				PRODUCT_BUNDLE_IDENTIFIER = find.number.com.findNumber;
				PRODUCT_NAME = "$(TARGET_NAME)";
				SWIFT_EMIT_LOC_STRINGS = YES;
				SWIFT_VERSION = 5.0;
				TARGETED_DEVICE_FAMILY = 1;
			};
			name = Release;
		};
/* End XCBuildConfiguration section */

/* Begin XCConfigurationList section */
		FB384F3D27FF59210083D5A6 /* Build configuration list for PBXProject "findNumber" */ = {
			isa = XCConfigurationList;
			buildConfigurations = (
				FB384F5427FF59210083D5A6 /* Debug */,
				FB384F5527FF59210083D5A6 /* Release */,
			);
			defaultConfigurationIsVisible = 0;
			defaultConfigurationName = Release;
		};
		FB384F5627FF59210083D5A6 /* Build configuration list for PBXNativeTarget "findNumber" */ = {
			isa = XCConfigurationList;
			buildConfigurations = (
				FB384F5727FF59210083D5A6 /* Debug */,
				FB384F5827FF59210083D5A6 /* Release */,
			);
			defaultConfigurationIsVisible = 0;
			defaultConfigurationName = Release;
		};
/* End XCConfigurationList section */
	};
	rootObject = FB384F3A27FF59210083D5A6 /* Project object */;
}
